
Microsoft Visual Studio Solution File, Format Version 12.00
# Visual Studio Version 17
VisualStudioVersion = 17.11.35312.102
MinimumVisualStudioVersion = 10.0.40219.1
Project("{FAE04EC0-301F-11D3-BF4B-00C04F79EFBC}") = "University_Management_System", "University_Management_System\University_Management_System.csproj", "{209A8FAE-FC66-4E47-B94D-EE88692BB9A3}"
EndProject
Global
	GlobalSection(SolutionConfigurationPlatforms) = preSolution
		Debug|Any CPU = Debug|Any CPU
		Release|Any CPU = Release|Any CPU
	EndGlobalSection
	GlobalSection(ProjectConfigurationPlatforms) = postSolution
		{209A8FAE-FC66-4E47-B94D-EE88692BB9A3}.Debug|Any CPU.ActiveCfg = Debug|Any CPU
		{209A8FAE-FC66-4E47-B94D-EE88692BB9A3}.Debug|Any CPU.Build.0 = Debug|Any CPU
		{209A8FAE-FC66-4E47-B94D-EE88692BB9A3}.Release|Any CPU.ActiveCfg = Release|Any CPU
		{209A8FAE-FC66-4E47-B94D-EE88692BB9A3}.Release|Any CPU.Build.0 = Release|Any CPU
	EndGlobalSection
	GlobalSection(SolutionProperties) = preSolution
		HideSolutionNode = FALSE
	EndGlobalSection
	GlobalSection(ExtensibilityGlobals) = postSolution
		SolutionGuid = {03F257DC-29F0-47BF-BEA1-7F54345881C5}
	EndGlobalSection
EndGlobal
